
Microsoft Visual Studio Solution File, Format Version 12.00
# Visual Studio 2013
VisualStudioVersion = 12.0.40629.0
MinimumVisualStudioVersion = 10.0.40219.1
Project("{FAE04EC0-301F-11D3-BF4B-00C04F79EFBC}") = "WifiMonitor", "WifiMonitor\WifiMonitor.csproj", "{4C420EC2-6AF5-43CB-9164-0C23C0D542FF}"
EndProject
Project("{FAE04EC0-301F-11D3-BF4B-00C04F79EFBC}") = "ModbusRTU", "ModbusRTU\ModbusRTU.csproj", "{B2BA13CA-F48F-4021-8828-EED91EA7F430}"
EndProject
Project("{FAE04EC0-301F-11D3-BF4B-00C04F79EFBC}") = "ICommunicate", "ICommunicate\ICommunicate.csproj", "{133AF3FE-0D5E-41A0-9E7C-1D0DC662FE0B}"
EndProject
Project("{FAE04EC0-301F-11D3-BF4B-00C04F79EFBC}") = "KEYENCE", "KEYENCE\KEYENCE.csproj", "{F4AEBBE7-D046-4E4D-9E87-A0A083197A8A}"
EndProject
Project("{FAE04EC0-301F-11D3-BF4B-00C04F79EFBC}") = "XMLGenerator", "XmlGenerator\XMLGenerator.csproj", "{67796975-059D-46C0-B2C8-F7B397C56E78}"
EndProject
Global
	GlobalSection(SolutionConfigurationPlatforms) = preSolution
		Debug|Any CPU = Debug|Any CPU
		Release|Any CPU = Release|Any CPU
	EndGlobalSection
	GlobalSection(ProjectConfigurationPlatforms) = postSolution
		{4C420EC2-6AF5-43CB-9164-0C23C0D542FF}.Debug|Any CPU.ActiveCfg = Debug|Any CPU
		{4C420EC2-6AF5-43CB-9164-0C23C0D542FF}.Debug|Any CPU.Build.0 = Debug|Any CPU
		{4C420EC2-6AF5-43CB-9164-0C23C0D542FF}.Release|Any CPU.ActiveCfg = Release|Any CPU
		{4C420EC2-6AF5-43CB-9164-0C23C0D542FF}.Release|Any CPU.Build.0 = Release|Any CPU
		{B2BA13CA-F48F-4021-8828-EED91EA7F430}.Debug|Any CPU.ActiveCfg = Debug|Any CPU
		{B2BA13CA-F48F-4021-8828-EED91EA7F430}.Debug|Any CPU.Build.0 = Debug|Any CPU
		{B2BA13CA-F48F-4021-8828-EED91EA7F430}.Release|Any CPU.ActiveCfg = Release|Any CPU
		{B2BA13CA-F48F-4021-8828-EED91EA7F430}.Release|Any CPU.Build.0 = Release|Any CPU
		{133AF3FE-0D5E-41A0-9E7C-1D0DC662FE0B}.Debug|Any CPU.ActiveCfg = Debug|Any CPU
		{133AF3FE-0D5E-41A0-9E7C-1D0DC662FE0B}.Debug|Any CPU.Build.0 = Debug|Any CPU
		{133AF3FE-0D5E-41A0-9E7C-1D0DC662FE0B}.Release|Any CPU.ActiveCfg = Release|Any CPU
		{133AF3FE-0D5E-41A0-9E7C-1D0DC662FE0B}.Release|Any CPU.Build.0 = Release|Any CPU
		{F4AEBBE7-D046-4E4D-9E87-A0A083197A8A}.Debug|Any CPU.ActiveCfg = Debug|Any CPU
		{F4AEBBE7-D046-4E4D-9E87-A0A083197A8A}.Debug|Any CPU.Build.0 = Debug|Any CPU
		{F4AEBBE7-D046-4E4D-9E87-A0A083197A8A}.Release|Any CPU.ActiveCfg = Release|Any CPU
		{F4AEBBE7-D046-4E4D-9E87-A0A083197A8A}.Release|Any CPU.Build.0 = Release|Any CPU
		{67796975-059D-46C0-B2C8-F7B397C56E78}.Debug|Any CPU.ActiveCfg = Debug|Any CPU
		{67796975-059D-46C0-B2C8-F7B397C56E78}.Debug|Any CPU.Build.0 = Debug|Any CPU
		{67796975-059D-46C0-B2C8-F7B397C56E78}.Release|Any CPU.ActiveCfg = Release|Any CPU
		{67796975-059D-46C0-B2C8-F7B397C56E78}.Release|Any CPU.Build.0 = Release|Any CPU
	EndGlobalSection
	GlobalSection(SolutionProperties) = preSolution
		HideSolutionNode = FALSE
	EndGlobalSection
EndGlobal
